
Microsoft Visual Studio Solution File, Format Version 12.00
# Visual Studio 15
VisualStudioVersion = 15.0.28307.168
MinimumVisualStudioVersion = 10.0.40219.1
Project("{FAE04EC0-301F-11D3-BF4B-00C04F79EFBC}") = "Lab 34", "Lab 34\Lab 34.csproj", "{B7FCAFBF-B507-4C22-A062-CF1226D646B5}"
EndProject
Global
	GlobalSection(SolutionConfigurationPlatforms) = preSolution
		Debug|Any CPU = Debug|Any CPU
		Release|Any CPU = Release|Any CPU
	EndGlobalSection
	GlobalSection(ProjectConfigurationPlatforms) = postSolution
		{B7FCAFBF-B507-4C22-A062-CF1226D646B5}.Debug|Any CPU.ActiveCfg = Debug|Any CPU
		{B7FCAFBF-B507-4C22-A062-CF1226D646B5}.Debug|Any CPU.Build.0 = Debug|Any CPU
		{B7FCAFBF-B507-4C22-A062-CF1226D646B5}.Release|Any CPU.ActiveCfg = Release|Any CPU
		{B7FCAFBF-B507-4C22-A062-CF1226D646B5}.Release|Any CPU.Build.0 = Release|Any CPU
	EndGlobalSection
	GlobalSection(SolutionProperties) = preSolution
		HideSolutionNode = FALSE
	EndGlobalSection
	GlobalSection(ExtensibilityGlobals) = postSolution
		SolutionGuid = {340C8DAA-4DB2-4927-8157-E31DFD74583A}
	EndGlobalSection
EndGlobal
